
Microsoft Visual Studio Solution File, Format Version 12.00
# Visual Studio Version 16
VisualStudioVersion = 16.0.28606.126
MinimumVisualStudioVersion = 15.0.26124.0
Project("{9A19103F-16F7-4668-BE54-9A1E7A4F7556}") = "Interceptor.Entidades", "Interceptor.Entidades\Interceptor.Entidades.csproj", "{2A844A3F-D2B1-4411-85C0-5A07866D3D28}"
EndProject
Project("{FAE04EC0-301F-11D3-BF4B-00C04F79EFBC}") = "Interceptor.Console", "Interceptor.Console\Interceptor.Console.csproj", "{1EF3F08E-7B8E-4C12-A9C0-3FC6D67B572B}"
EndProject
Global
	GlobalSection(SolutionConfigurationPlatforms) = preSolution
		Debug|Any CPU = Debug|Any CPU
		Debug|x64 = Debug|x64
		Debug|x86 = Debug|x86
		Release|Any CPU = Release|Any CPU
		Release|x64 = Release|x64
		Release|x86 = Release|x86
	EndGlobalSection
	GlobalSection(ProjectConfigurationPlatforms) = postSolution
		{2A844A3F-D2B1-4411-85C0-5A07866D3D28}.Debug|Any CPU.ActiveCfg = Debug|Any CPU
		{2A844A3F-D2B1-4411-85C0-5A07866D3D28}.Debug|Any CPU.Build.0 = Debug|Any CPU
		{2A844A3F-D2B1-4411-85C0-5A07866D3D28}.Debug|x64.ActiveCfg = Debug|Any CPU
		{2A844A3F-D2B1-4411-85C0-5A07866D3D28}.Debug|x64.Build.0 = Debug|Any CPU
		{2A844A3F-D2B1-4411-85C0-5A07866D3D28}.Debug|x86.ActiveCfg = Debug|Any CPU
		{2A844A3F-D2B1-4411-85C0-5A07866D3D28}.Debug|x86.Build.0 = Debug|Any CPU
		{2A844A3F-D2B1-4411-85C0-5A07866D3D28}.Release|Any CPU.ActiveCfg = Release|Any CPU
		{2A844A3F-D2B1-4411-85C0-5A07866D3D28}.Release|Any CPU.Build.0 = Release|Any CPU
		{2A844A3F-D2B1-4411-85C0-5A07866D3D28}.Release|x64.ActiveCfg = Release|Any CPU
		{2A844A3F-D2B1-4411-85C0-5A07866D3D28}.Release|x64.Build.0 = Release|Any CPU
		{2A844A3F-D2B1-4411-85C0-5A07866D3D28}.Release|x86.ActiveCfg = Release|Any CPU
		{2A844A3F-D2B1-4411-85C0-5A07866D3D28}.Release|x86.Build.0 = Release|Any CPU
		{1EF3F08E-7B8E-4C12-A9C0-3FC6D67B572B}.Debug|Any CPU.ActiveCfg = Debug|Any CPU
		{1EF3F08E-7B8E-4C12-A9C0-3FC6D67B572B}.Debug|Any CPU.Build.0 = Debug|Any CPU
		{1EF3F08E-7B8E-4C12-A9C0-3FC6D67B572B}.Debug|x64.ActiveCfg = Debug|Any CPU
		{1EF3F08E-7B8E-4C12-A9C0-3FC6D67B572B}.Debug|x64.Build.0 = Debug|Any CPU
		{1EF3F08E-7B8E-4C12-A9C0-3FC6D67B572B}.Debug|x86.ActiveCfg = Debug|Any CPU
		{1EF3F08E-7B8E-4C12-A9C0-3FC6D67B572B}.Debug|x86.Build.0 = Debug|Any CPU
		{1EF3F08E-7B8E-4C12-A9C0-3FC6D67B572B}.Release|Any CPU.ActiveCfg = Release|Any CPU
		{1EF3F08E-7B8E-4C12-A9C0-3FC6D67B572B}.Release|Any CPU.Build.0 = Release|Any CPU
		{1EF3F08E-7B8E-4C12-A9C0-3FC6D67B572B}.Release|x64.ActiveCfg = Release|Any CPU
		{1EF3F08E-7B8E-4C12-A9C0-3FC6D67B572B}.Release|x64.Build.0 = Release|Any CPU
		{1EF3F08E-7B8E-4C12-A9C0-3FC6D67B572B}.Release|x86.ActiveCfg = Release|Any CPU
		{1EF3F08E-7B8E-4C12-A9C0-3FC6D67B572B}.Release|x86.Build.0 = Release|Any CPU
	EndGlobalSection
	GlobalSection(SolutionProperties) = preSolution
		HideSolutionNode = FALSE
	EndGlobalSection
	GlobalSection(ExtensibilityGlobals) = postSolution
		SolutionGuid = {ECCB07A0-855E-457D-B462-3B5C91C4CF14}
	EndGlobalSection
EndGlobal
